using System;
using System.Collections.Generic;
using System.Linq;
using System.Text;




class Programs
{

    static void Main()//5 9 13 17 21
    {
        for (int i = 1; i <= 5; i++)
        {
            Console.WriteLine(((i * 4) % 24 + 1));
            Console.WriteLine(" ");
            //Console.Write("748347837483 47837483");
        }
        Console.Write("Введите 1е число: ");
        int firstNum = Convert.ToInt32(Console.ReadLine());

        Console.Write("Введите 2е число: ");
        int secondNum = Convert.ToInt32(Console.ReadLine());


        Console.WriteLine("Вывод: " + chastnoe(firstNum, secondNum)); 
    }
    static int chastnoe(int firstNum, int secondNum)
    {
        return firstNum / secondNum;
    }
}
