
Microsoft Visual Studio Solution File, Format Version 12.00
# Visual Studio Version 16
VisualStudioVersion = 16.0.29709.97
MinimumVisualStudioVersion = 10.0.40219.1
Project("{FAE04EC0-301F-11D3-BF4B-00C04F79EFBC}") = "Qvint", "Qvint\Qvint.csproj", "{71C055E1-09E1-4CD9-B782-893B85F20CA2}"
EndProject
Global
	GlobalSection(SolutionConfigurationPlatforms) = preSolution
		Debug|Any CPU = Debug|Any CPU
		Release|Any CPU = Release|Any CPU
	EndGlobalSection
	GlobalSection(ProjectConfigurationPlatforms) = postSolution
		{71C055E1-09E1-4CD9-B782-893B85F20CA2}.Debug|Any CPU.ActiveCfg = Debug|Any CPU
		{71C055E1-09E1-4CD9-B782-893B85F20CA2}.Debug|Any CPU.Build.0 = Debug|Any CPU
		{71C055E1-09E1-4CD9-B782-893B85F20CA2}.Release|Any CPU.ActiveCfg = Release|Any CPU
		{71C055E1-09E1-4CD9-B782-893B85F20CA2}.Release|Any CPU.Build.0 = Release|Any CPU
	EndGlobalSection
	GlobalSection(SolutionProperties) = preSolution
		HideSolutionNode = FALSE
	EndGlobalSection
	GlobalSection(ExtensibilityGlobals) = postSolution
		SolutionGuid = {62D22AD8-D1EA-43ED-A262-5C5696A12A59}
	EndGlobalSection
EndGlobal
